
Microsoft Visual Studio Solution File, Format Version 12.00
# Visual Studio Version 16
VisualStudioVersion = 16.0.31205.134
MinimumVisualStudioVersion = 10.0.40219.1
Project("{8BC9CEB8-8B4A-11D0-8D11-00A0C91BC942}") = "openGl_Roobic", "openGl_Roobic\openGl_Roobic.vcxproj", "{5F3B6FAF-436F-403C-97DE-56F98F5A8180}"
EndProject
Global
	GlobalSection(SolutionConfigurationPlatforms) = preSolution
		Debug|x64 = Debug|x64
		Debug|x86 = Debug|x86
		Release|x64 = Release|x64
		Release|x86 = Release|x86
	EndGlobalSection
	GlobalSection(ProjectConfigurationPlatforms) = postSolution
		{5F3B6FAF-436F-403C-97DE-56F98F5A8180}.Debug|x64.ActiveCfg = Debug|x64
		{5F3B6FAF-436F-403C-97DE-56F98F5A8180}.Debug|x64.Build.0 = Debug|x64
		{5F3B6FAF-436F-403C-97DE-56F98F5A8180}.Debug|x86.ActiveCfg = Debug|Win32
		{5F3B6FAF-436F-403C-97DE-56F98F5A8180}.Debug|x86.Build.0 = Debug|Win32
		{5F3B6FAF-436F-403C-97DE-56F98F5A8180}.Release|x64.ActiveCfg = Release|x64
		{5F3B6FAF-436F-403C-97DE-56F98F5A8180}.Release|x64.Build.0 = Release|x64
		{5F3B6FAF-436F-403C-97DE-56F98F5A8180}.Release|x86.ActiveCfg = Release|Win32
		{5F3B6FAF-436F-403C-97DE-56F98F5A8180}.Release|x86.Build.0 = Release|Win32
	EndGlobalSection
	GlobalSection(SolutionProperties) = preSolution
		HideSolutionNode = FALSE
	EndGlobalSection
	GlobalSection(ExtensibilityGlobals) = postSolution
		SolutionGuid = {3B06C99C-741C-476F-BE5D-A01D5256062C}
	EndGlobalSection
EndGlobal
